{
  "name": "whack-a-launchpad",
  "version": "1.0.0",
  "lockfileVersion": 2,
  "requires": true,
  "packages": {
    "": {
      "version": "1.0.0",
      "license": "MIT",
      "dependencies": {
        "launchpad-webmidi": "^1.1.0"
      }
    },
    "node_modules/launchpad-webmidi": {
      "version": "1.1.0",
      "resolved": "https://registry.npmjs.org/launchpad-webmidi/-/launchpad-webmidi-1.1.0.tgz",
      "integrity": "sha512-9zQdUeigdVYrHsdWL+F45e+kXgdYlf4vfmGEo3w5Rngk8XsWI8kkblk0Rn/H+aNGaK/ZNX+k1W6/18J4ezRVPQ=="
    }
  },
  "dependencies": {
    "launchpad-webmidi": {
      "version": "1.1.0",
      "resolved": "https://registry.npmjs.org/launchpad-webmidi/-/launchpad-webmidi-1.1.0.tgz",
      "integrity": "sha512-9zQdUeigdVYrHsdWL+F45e+kXgdYlf4vfmGEo3w5Rngk8XsWI8kkblk0Rn/H+aNGaK/ZNX+k1W6/18J4ezRVPQ=="
    }
  }
}
