{
  "name": "whack-a-launchpad",
  "version": "1.1.0",
  "lockfileVersion": 2,
  "requires": true,
  "packages": {
    "": {
      "name": "whack-a-launchpad",
      "version": "1.1.0",
      "license": "MIT",
      "dependencies": {
        "launchpad-webmidi": "^2.0.0"
      }
    },
    "node_modules/launchpad-webmidi": {
      "version": "2.0.0",
      "resolved": "https://registry.npmjs.org/launchpad-webmidi/-/launchpad-webmidi-2.0.0.tgz",
      "integrity": "sha512-YKr0SpoFy6ydc1lvlmSjbOf2f346lloZUhuhPS7JS3Z1QXfrjg17UFVvT20SsEP3p3fMU1QFNsbx40Cr1Pth1g==",
      "license": "MIT"
    }
  },
  "dependencies": {
    "launchpad-webmidi": {
      "version": "2.0.0",
      "resolved": "https://registry.npmjs.org/launchpad-webmidi/-/launchpad-webmidi-2.0.0.tgz",
      "integrity": "sha512-YKr0SpoFy6ydc1lvlmSjbOf2f346lloZUhuhPS7JS3Z1QXfrjg17UFVvT20SsEP3p3fMU1QFNsbx40Cr1Pth1g=="
    }
  }
}
